
Microsoft Visual Studio Solution File, Format Version 12.00
# Visual Studio Version 17
VisualStudioVersion = 17.6.33513.286
MinimumVisualStudioVersion = 10.0.40219.1
Project("{8BC9CEB8-8B4A-11D0-8D11-00A0C91BC942}") = "RegisterWaitForInputIdle", "RegisterWaitForInputIdle.vcxproj", "{EA5B3179-939D-4437-A4B5-1080BEEB2FA5}"
EndProject
Global
	GlobalSection(SolutionConfigurationPlatforms) = preSolution
		Debug|x64 = Debug|x64
		Debug|x86 = Debug|x86
		Release|x64 = Release|x64
		Release|x86 = Release|x86
	EndGlobalSection
	GlobalSection(ProjectConfigurationPlatforms) = postSolution
		{EA5B3179-939D-4437-A4B5-1080BEEB2FA5}.Debug|x64.ActiveCfg = Debug|x64
		{EA5B3179-939D-4437-A4B5-1080BEEB2FA5}.Debug|x64.Build.0 = Debug|x64
		{EA5B3179-939D-4437-A4B5-1080BEEB2FA5}.Debug|x86.ActiveCfg = Debug|Win32
		{EA5B3179-939D-4437-A4B5-1080BEEB2FA5}.Debug|x86.Build.0 = Debug|Win32
		{EA5B3179-939D-4437-A4B5-1080BEEB2FA5}.Release|x64.ActiveCfg = Release|x64
		{EA5B3179-939D-4437-A4B5-1080BEEB2FA5}.Release|x64.Build.0 = Release|x64
		{EA5B3179-939D-4437-A4B5-1080BEEB2FA5}.Release|x86.ActiveCfg = Release|Win32
		{EA5B3179-939D-4437-A4B5-1080BEEB2FA5}.Release|x86.Build.0 = Release|Win32
	EndGlobalSection
	GlobalSection(SolutionProperties) = preSolution
		HideSolutionNode = FALSE
	EndGlobalSection
	GlobalSection(ExtensibilityGlobals) = postSolution
		SolutionGuid = {34E0D929-D73F-4FAD-A99D-35C3B032F6D8}
	EndGlobalSection
EndGlobal
